
Microsoft Visual Studio Solution File, Format Version 12.00
# Visual Studio Version 17
VisualStudioVersion = 17.8.34309.116
MinimumVisualStudioVersion = 10.0.40219.1
Project("{FAE04EC0-301F-11D3-BF4B-00C04F79EFBC}") = "WebAPI", "WebAPI.csproj", "{E86BD8D8-209F-4BAB-96F6-35DCD8F0210E}"
EndProject
Global
	GlobalSection(SolutionConfigurationPlatforms) = preSolution
		Debug|Any CPU = Debug|Any CPU
		Release|Any CPU = Release|Any CPU
	EndGlobalSection
	GlobalSection(ProjectConfigurationPlatforms) = postSolution
		{E86BD8D8-209F-4BAB-96F6-35DCD8F0210E}.Debug|Any CPU.ActiveCfg = Debug|Any CPU
		{E86BD8D8-209F-4BAB-96F6-35DCD8F0210E}.Debug|Any CPU.Build.0 = Debug|Any CPU
		{E86BD8D8-209F-4BAB-96F6-35DCD8F0210E}.Release|Any CPU.ActiveCfg = Release|Any CPU
		{E86BD8D8-209F-4BAB-96F6-35DCD8F0210E}.Release|Any CPU.Build.0 = Release|Any CPU
	EndGlobalSection
	GlobalSection(SolutionProperties) = preSolution
		HideSolutionNode = FALSE
	EndGlobalSection
	GlobalSection(ExtensibilityGlobals) = postSolution
		SolutionGuid = {110A9BC1-31DF-457B-B90F-CC14DD9502FD}
	EndGlobalSection
EndGlobal
